
Microsoft Visual Studio Solution File, Format Version 12.00
# Visual Studio Version 17
VisualStudioVersion = 17.10.34928.147
MinimumVisualStudioVersion = 10.0.40219.1
Project("{FAE04EC0-301F-11D3-BF4B-00C04F79EFBC}") = "Inheritance and Method Overriding1", "Inheritance and Method Overriding1\Inheritance and Method Overriding1.csproj", "{E794C4C8-3964-4F2B-93DC-12B87FBF7A95}"
EndProject
Project("{FAE04EC0-301F-11D3-BF4B-00C04F79EFBC}") = "Abstract Classes and Methods", "Abstract Classes and Methods\Abstract Classes and Methods.csproj", "{B0663639-5E58-430E-9C10-E59E11BF5299}"
EndProject
Project("{FAE04EC0-301F-11D3-BF4B-00C04F79EFBC}") = "Interfaces", "Interfaces\Interfaces.csproj", "{A1A527CF-F403-474A-AE07-A34B6F4CCE55}"
EndProject
Global
	GlobalSection(SolutionConfigurationPlatforms) = preSolution
		Debug|Any CPU = Debug|Any CPU
		Release|Any CPU = Release|Any CPU
	EndGlobalSection
	GlobalSection(ProjectConfigurationPlatforms) = postSolution
		{E794C4C8-3964-4F2B-93DC-12B87FBF7A95}.Debug|Any CPU.ActiveCfg = Debug|Any CPU
		{E794C4C8-3964-4F2B-93DC-12B87FBF7A95}.Debug|Any CPU.Build.0 = Debug|Any CPU
		{E794C4C8-3964-4F2B-93DC-12B87FBF7A95}.Release|Any CPU.ActiveCfg = Release|Any CPU
		{E794C4C8-3964-4F2B-93DC-12B87FBF7A95}.Release|Any CPU.Build.0 = Release|Any CPU
		{B0663639-5E58-430E-9C10-E59E11BF5299}.Debug|Any CPU.ActiveCfg = Debug|Any CPU
		{B0663639-5E58-430E-9C10-E59E11BF5299}.Debug|Any CPU.Build.0 = Debug|Any CPU
		{B0663639-5E58-430E-9C10-E59E11BF5299}.Release|Any CPU.ActiveCfg = Release|Any CPU
		{B0663639-5E58-430E-9C10-E59E11BF5299}.Release|Any CPU.Build.0 = Release|Any CPU
		{A1A527CF-F403-474A-AE07-A34B6F4CCE55}.Debug|Any CPU.ActiveCfg = Debug|Any CPU
		{A1A527CF-F403-474A-AE07-A34B6F4CCE55}.Debug|Any CPU.Build.0 = Debug|Any CPU
		{A1A527CF-F403-474A-AE07-A34B6F4CCE55}.Release|Any CPU.ActiveCfg = Release|Any CPU
		{A1A527CF-F403-474A-AE07-A34B6F4CCE55}.Release|Any CPU.Build.0 = Release|Any CPU
	EndGlobalSection
	GlobalSection(SolutionProperties) = preSolution
		HideSolutionNode = FALSE
	EndGlobalSection
	GlobalSection(ExtensibilityGlobals) = postSolution
		SolutionGuid = {D3A95659-9CF9-4DC1-B809-624E06D0BB5B}
	EndGlobalSection
EndGlobal
